
Microsoft Visual Studio Solution File, Format Version 12.00
# Visual Studio Version 17
VisualStudioVersion = 17.9.34728.123
MinimumVisualStudioVersion = 10.0.40219.1
Project("{FAE04EC0-301F-11D3-BF4B-00C04F79EFBC}") = "InventoryManagementSystem", "InventoryManagementSystem\InventoryManagementSystem.csproj", "{E6036C54-709D-41BA-AB49-8BFB8B191BED}"
EndProject
Global
	GlobalSection(SolutionConfigurationPlatforms) = preSolution
		Debug|Any CPU = Debug|Any CPU
		Release|Any CPU = Release|Any CPU
	EndGlobalSection
	GlobalSection(ProjectConfigurationPlatforms) = postSolution
		{E6036C54-709D-41BA-AB49-8BFB8B191BED}.Debug|Any CPU.ActiveCfg = Debug|Any CPU
		{E6036C54-709D-41BA-AB49-8BFB8B191BED}.Debug|Any CPU.Build.0 = Debug|Any CPU
		{E6036C54-709D-41BA-AB49-8BFB8B191BED}.Release|Any CPU.ActiveCfg = Release|Any CPU
		{E6036C54-709D-41BA-AB49-8BFB8B191BED}.Release|Any CPU.Build.0 = Release|Any CPU
	EndGlobalSection
	GlobalSection(SolutionProperties) = preSolution
		HideSolutionNode = FALSE
	EndGlobalSection
	GlobalSection(ExtensibilityGlobals) = postSolution
		SolutionGuid = {2FAE6B17-5213-4479-B351-79B138065138}
	EndGlobalSection
EndGlobal
